# This file is automatically @generated by Cargo.
# It is not intended for manual editing.
version = 4

[[package]]
name = "DAY_17"
version = "0.1.0"

[[package]]
name = "day17_unsafe_ffi"
version = "0.1.0"

[[package]]
name = "demo"
version = "0.1.0"
dependencies = [
 "DAY_17",
 "day17_unsafe_ffi",
]
